<Solution>
  <Folder Name="/Task0/">
    <Project Path="Tyuiu.MolkovIS.Sprint5.Task0.V13.Lib/Tyuiu.MolkovIS.Sprint5.Task0.V13.Lib.csproj" />
    <Project Path="Tyuiu.MolkovIS.Sprint5.Task0.V13.Test/Tyuiu.MolkovIS.Sprint5.Task0.V13.Test.csproj" />
    <Project Path="Tyuiu.MolkovIS.Sprint5.Task0.V13/Tyuiu.MolkovIS.Sprint5.Task0.V13.csproj" />
  </Folder>
</Solution>
